// !$*UTF8*$!
{
	archiveVersion = 1;
	classes = {
	};
	objectVersion = 48;
	objects = {

/* Begin PBXBuildFile section */
		5C6EA0A91FE2197E00C5C516 /* AppDelegate.swift in Sources */ = {isa = PBXBuildFile; fileRef = 5C6EA0A81FE2197E00C5C516 /* AppDelegate.swift */; };
		5C6EA0AB1FE2197E00C5C516 /* ViewController.swift in Sources */ = {isa = PBXBuildFile; fileRef = 5C6EA0AA1FE2197E00C5C516 /* ViewController.swift */; };
		5C6EA0AE1FE2197E00C5C516 /* Main.storyboard in Resources */ = {isa = PBXBuildFile; fileRef = 5C6EA0AC1FE2197E00C5C516 /* Main.storyboard */; };
		5C6EA0B01FE2197E00C5C516 /* Assets.xcassets in Resources */ = {isa = PBXBuildFile; fileRef = 5C6EA0AF1FE2197E00C5C516 /* Assets.xcassets */; };
		5C6EA0B31FE2197E00C5C516 /* LaunchScreen.storyboard in Resources */ = {isa = PBXBuildFile; fileRef = 5C6EA0B11FE2197E00C5C516 /* LaunchScreen.storyboard */; };
		5C6EA0BD1FE21ABD00C5C516 /* ContentCell.swift in Sources */ = {isa = PBXBuildFile; fileRef = 5C6EA0BC1FE21ABD00C5C516 /* ContentCell.swift */; };
		5C6EA0C11FE2219500C5C516 /* HeaderCell.swift in Sources */ = {isa = PBXBuildFile; fileRef = 5C6EA0C01FE2219500C5C516 /* HeaderCell.swift */; };
/* End PBXBuildFile section */

/* Begin PBXFileReference section */
		5C6EA0A51FE2197E00C5C516 /* MAPD2017-F2017-Lesson1B.app */ = {isa = PBXFileReference; explicitFileType = wrapper.application; includeInIndex = 0; path = "MAPD2017-F2017-Lesson1B.app"; sourceTree = BUILT_PRODUCTS_DIR; };
		5C6EA0A81FE2197E00C5C516 /* AppDelegate.swift */ = {isa = PBXFileReference; lastKnownFileType = sourcecode.swift; path = AppDelegate.swift; sourceTree = "<group>"; };
		5C6EA0AA1FE2197E00C5C516 /* ViewController.swift */ = {isa = PBXFileReference; lastKnownFileType = sourcecode.swift; path = ViewController.swift; sourceTree = "<group>"; };
		5C6EA0AD1FE2197E00C5C516 /* Base */ = {isa = PBXFileReference; lastKnownFileType = file.storyboard; name = Base; path = Base.lproj/Main.storyboard; sourceTree = "<group>"; };
		5C6EA0AF1FE2197E00C5C516 /* Assets.xcassets */ = {isa = PBXFileReference; lastKnownFileType = folder.assetcatalog; path = Assets.xcassets; sourceTree = "<group>"; };
		5C6EA0B21FE2197E00C5C516 /* Base */ = {isa = PBXFileReference; lastKnownFileType = file.storyboard; name = Base; path = Base.lproj/LaunchScreen.storyboard; sourceTree = "<group>"; };
		5C6EA0B41FE2197E00C5C516 /* Info.plist */ = {isa = PBXFileReference; lastKnownFileType = text.plist.xml; path = Info.plist; sourceTree = "<group>"; };
		5C6EA0BC1FE21ABD00C5C516 /* ContentCell.swift */ = {isa = PBXFileReference; lastKnownFileType = sourcecode.swift; path = ContentCell.swift; sourceTree = "<group>"; };
		5C6EA0C01FE2219500C5C516 /* HeaderCell.swift */ = {isa = PBXFileReference; lastKnownFileType = sourcecode.swift; path = HeaderCell.swift; sourceTree = "<group>"; };
/* End PBXFileReference section */

/* Begin PBXFrameworksBuildPhase section */
		5C6EA0A21FE2197E00C5C516 /* Frameworks */ = {
			isa = PBXFrameworksBuildPhase;
			buildActionMask = 2147483647;
			files = (
			);
			runOnlyForDeploymentPostprocessing = 0;
		};
/* End PBXFrameworksBuildPhase section */

/* Begin PBXGroup section */
		5C6EA09C1FE2197E00C5C516 = {
			isa = PBXGroup;
			children = (
				5C6EA0A71FE2197E00C5C516 /* MAPD2017-F2017-Lesson1B */,
				5C6EA0A61FE2197E00C5C516 /* Products */,
			);
			sourceTree = "<group>";
		};
		5C6EA0A61FE2197E00C5C516 /* Products */ = {
			isa = PBXGroup;
			children = (
				5C6EA0A51FE2197E00C5C516 /* MAPD2017-F2017-Lesson1B.app */,
			);
			name = Products;
			sourceTree = "<group>";
		};
		5C6EA0A71FE2197E00C5C516 /* MAPD2017-F2017-Lesson1B */ = {
			isa = PBXGroup;
			children = (
				5C6EA0A81FE2197E00C5C516 /* AppDelegate.swift */,
				5C6EA0AA1FE2197E00C5C516 /* ViewController.swift */,
				5C6EA0AC1FE2197E00C5C516 /* Main.storyboard */,
				5C6EA0AF1FE2197E00C5C516 /* Assets.xcassets */,
				5C6EA0B11FE2197E00C5C516 /* LaunchScreen.storyboard */,
				5C6EA0B41FE2197E00C5C516 /* Info.plist */,
				5C6EA0BC1FE21ABD00C5C516 /* ContentCell.swift */,
				5C6EA0C01FE2219500C5C516 /* HeaderCell.swift */,
			);
			path = "MAPD2017-F2017-Lesson1B";
			sourceTree = "<group>";
		};
/* End PBXGroup section */

/* Begin PBXNativeTarget section */
		5C6EA0A41FE2197E00C5C516 /* MAPD2017-F2017-Lesson1B */ = {
			isa = PBXNativeTarget;
			buildConfigurationList = 5C6EA0B71FE2197E00C5C516 /* Build configuration list for PBXNativeTarget "MAPD2017-F2017-Lesson1B" */;
			buildPhases = (
				5C6EA0A11FE2197E00C5C516 /* Sources */,
				5C6EA0A21FE2197E00C5C516 /* Frameworks */,
				5C6EA0A31FE2197E00C5C516 /* Resources */,
			);
			buildRules = (
			);
			dependencies = (
			);
			name = "MAPD2017-F2017-Lesson1B";
			productName = "MAPD2017-F2017-Lesson1B";
			productReference = 5C6EA0A51FE2197E00C5C516 /* MAPD2017-F2017-Lesson1B.app */;
			productType = "com.apple.product-type.application";
		};
/* End PBXNativeTarget section */

/* Begin PBXProject section */
		5C6EA09D1FE2197E00C5C516 /* Project object */ = {
			isa = PBXProject;
			attributes = {
				LastSwiftUpdateCheck = 0910;
				LastUpgradeCheck = 0910;
				ORGANIZATIONNAME = "santhosh damodharan";
				TargetAttributes = {
					5C6EA0A41FE2197E00C5C516 = {
						CreatedOnToolsVersion = 9.1;
						ProvisioningStyle = Automatic;
					};
				};
			};
			buildConfigurationList = 5C6EA0A01FE2197E00C5C516 /* Build configuration list for PBXProject "MAPD2017-F2017-Lesson1B" */;
			compatibilityVersion = "Xcode 8.0";
			developmentRegion = en;
			hasScannedForEncodings = 0;
			knownRegions = (
				en,
				Base,
			);
			mainGroup = 5C6EA09C1FE2197E00C5C516;
			productRefGroup = 5C6EA0A61FE2197E00C5C516 /* Products */;
			projectDirPath = "";
			projectRoot = "";
			targets = (
				5C6EA0A41FE2197E00C5C516 /* MAPD2017-F2017-Lesson1B */,
			);
		};
/* End PBXProject section */

/* Begin PBXResourcesBuildPhase section */
		5C6EA0A31FE2197E00C5C516 /* Resources */ = {
			isa = PBXResourcesBuildPhase;
			buildActionMask = 2147483647;
			files = (
				5C6EA0B31FE2197E00C5C516 /* LaunchScreen.storyboard in Resources */,
				5C6EA0B01FE2197E00C5C516 /* Assets.xcassets in Resources */,
				5C6EA0AE1FE2197E00C5C516 /* Main.storyboard in Resources */,
			);
			runOnlyForDeploymentPostprocessing = 0;
		};
/* End PBXResourcesBuildPhase section */

/* Begin PBXSourcesBuildPhase section */
		5C6EA0A11FE2197E00C5C516 /* Sources */ = {
			isa = PBXSourcesBuildPhase;
			buildActionMask = 2147483647;
			files = (
				5C6EA0C11FE2219500C5C516 /* HeaderCell.swift in Sources */,
				5C6EA0BD1FE21ABD00C5C516 /* ContentCell.swift in Sources */,
				5C6EA0AB1FE2197E00C5C516 /* ViewController.swift in Sources */,
				5C6EA0A91FE2197E00C5C516 /* AppDelegate.swift in Sources */,
			);
			runOnlyForDeploymentPostprocessing = 0;
		};
/* End PBXSourcesBuildPhase section */

/* Begin PBXVariantGroup section */
		5C6EA0AC1FE2197E00C5C516 /* Main.storyboard */ = {
			isa = PBXVariantGroup;
			children = (
				5C6EA0AD1FE2197E00C5C516 /* Base */,
			);
			name = Main.storyboard;
			sourceTree = "<group>";
		};
		5C6EA0B11FE2197E00C5C516 /* LaunchScreen.storyboard */ = {
			isa = PBXVariantGroup;
			children = (
				5C6EA0B21FE2197E00C5C516 /* Base */,
			);
			name = LaunchScreen.storyboard;
			sourceTree = "<group>";
		};
/* End PBXVariantGroup section */

/* Begin XCBuildConfiguration section */
		5C6EA0B51FE2197E00C5C516 /* Debug */ = {
			isa = XCBuildConfiguration;
			buildSettings = {
				ALWAYS_SEARCH_USER_PATHS = NO;
				CLANG_ANALYZER_NONNULL = YES;
				CLANG_ANALYZER_NUMBER_OBJECT_CONVERSION = YES_AGGRESSIVE;
				CLANG_CXX_LANGUAGE_STANDARD = "gnu++14";
				CLANG_CXX_LIBRARY = "libc++";
				CLANG_ENABLE_MODULES = YES;
				CLANG_ENABLE_OBJC_ARC = YES;
				CLANG_WARN_BLOCK_CAPTURE_AUTORELEASING = YES;
				CLANG_WARN_BOOL_CONVERSION = YES;
				CLANG_WARN_COMMA = YES;
				CLANG_WARN_CONSTANT_CONVERSION = YES;
				CLANG_WARN_DIRECT_OBJC_ISA_USAGE = YES_ERROR;
				CLANG_WARN_DOCUMENTATION_COMMENTS = YES;
				CLANG_WARN_EMPTY_BODY = YES;
				CLANG_WARN_ENUM_CONVERSION = YES;
				CLANG_WARN_INFINITE_RECURSION = YES;
				CLANG_WARN_INT_CONVERSION = YES;
				CLANG_WARN_NON_LITERAL_NULL_CONVERSION = YES;
				CLANG_WARN_OBJC_LITERAL_CONVERSION = YES;
				CLANG_WARN_OBJC_ROOT_CLASS = YES_ERROR;
				CLANG_WARN_RANGE_LOOP_ANALYSIS = YES;
				CLANG_WARN_STRICT_PROTOTYPES = YES;
				CLANG_WARN_SUSPICIOUS_MOVE = YES;
				CLANG_WARN_UNGUARDED_AVAILABILITY = YES_AGGRESSIVE;
				CLANG_WARN_UNREACHABLE_CODE = YES;
				CLANG_WARN__DUPLICATE_METHOD_MATCH = YES;
				CODE_SIGN_IDENTITY = "iPhone Developer";
				COPY_PHASE_STRIP = NO;
				DEBUG_INFORMATION_FORMAT = dwarf;
				ENABLE_STRICT_OBJC_MSGSEND = YES;
				ENABLE_TESTABILITY = YES;
				GCC_C_LANGUAGE_STANDARD = gnu11;
				GCC_DYNAMIC_NO_PIC = NO;
				GCC_NO_COMMON_BLOCKS = YES;
				GCC_OPTIMIZATION_LEVEL = 0;
				GCC_PREPROCESSOR_DEFINITIONS = (
					"DEBUG=1",
					"$(inherited)",
				);
				GCC_WARN_64_TO_32_BIT_CONVERSION = YES;
				GCC_WARN_ABOUT_RETURN_TYPE = YES_ERROR;
				GCC_WARN_UNDECLARED_SELECTOR = YES;
				GCC_WARN_UNINITIALIZED_AUTOS = YES_AGGRESSIVE;
				GCC_WARN_UNUSED_FUNCTION = YES;
				GCC_WARN_UNUSED_VARIABLE = YES;
				IPHONEOS_DEPLOYMENT_TARGET = 11.1;
				MTL_ENABLE_DEBUG_INFO = YES;
				ONLY_ACTIVE_ARCH = YES;
				SDKROOT = iphoneos;
				SWIFT_ACTIVE_COMPILATION_CONDITIONS = DEBUG;
				SWIFT_OPTIMIZATION_LEVEL = "-Onone";
			};
			name = Debug;
		};
		5C6EA0B61FE2197E00C5C516 /* Release */ = {
			isa = XCBuildConfiguration;
			buildSettings = {
				ALWAYS_SEARCH_USER_PATHS = NO;
				CLANG_ANALYZER_NONNULL = YES;
				CLANG_ANALYZER_NUMBER_OBJECT_CONVERSION = YES_AGGRESSIVE;
				CLANG_CXX_LANGUAGE_STANDARD = "gnu++14";
				CLANG_CXX_LIBRARY = "libc++";
				CLANG_ENABLE_MODULES = YES;
				CLANG_ENABLE_OBJC_ARC = YES;
				CLANG_WARN_BLOCK_CAPTURE_AUTORELEASING = YES;
				CLANG_WARN_BOOL_CONVERSION = YES;
				CLANG_WARN_COMMA = YES;
				CLANG_WARN_CONSTANT_CONVERSION = YES;
				CLANG_WARN_DIRECT_OBJC_ISA_USAGE = YES_ERROR;
				CLANG_WARN_DOCUMENTATION_COMMENTS = YES;
				CLANG_WARN_EMPTY_BODY = YES;
				CLANG_WARN_ENUM_CONVERSION = YES;
				CLANG_WARN_INFINITE_RECURSION = YES;
				CLANG_WARN_INT_CONVERSION = YES;
				CLANG_WARN_NON_LITERAL_NULL_CONVERSION = YES;
				CLANG_WARN_OBJC_LITERAL_CONVERSION = YES;
				CLANG_WARN_OBJC_ROOT_CLASS = YES_ERROR;
				CLANG_WARN_RANGE_LOOP_ANALYSIS = YES;
				CLANG_WARN_STRICT_PROTOTYPES = YES;
				CLANG_WARN_SUSPICIOUS_MOVE = YES;
				CLANG_WARN_UNGUARDED_AVAILABILITY = YES_AGGRESSIVE;
				CLANG_WARN_UNREACHABLE_CODE = YES;
				CLANG_WARN__DUPLICATE_METHOD_MATCH = YES;
				CODE_SIGN_IDENTITY = "iPhone Developer";
				COPY_PHASE_STRIP = NO;
				DEBUG_INFORMATION_FORMAT = "dwarf-with-dsym";
				ENABLE_NS_ASSERTIONS = NO;
				ENABLE_STRICT_OBJC_MSGSEND = YES;
				GCC_C_LANGUAGE_STANDARD = gnu11;
				GCC_NO_COMMON_BLOCKS = YES;
				GCC_WARN_64_TO_32_BIT_CONVERSION = YES;
				GCC_WARN_ABOUT_RETURN_TYPE = YES_ERROR;
				GCC_WARN_UNDECLARED_SELECTOR = YES;
				GCC_WARN_UNINITIALIZED_AUTOS = YES_AGGRESSIVE;
				GCC_WARN_UNUSED_FUNCTION = YES;
				GCC_WARN_UNUSED_VARIABLE = YES;
				IPHONEOS_DEPLOYMENT_TARGET = 11.1;
				MTL_ENABLE_DEBUG_INFO = NO;
				SDKROOT = iphoneos;
				SWIFT_OPTIMIZATION_LEVEL = "-Owholemodule";
				VALIDATE_PRODUCT = YES;
			};
			name = Release;
		};
		5C6EA0B81FE2197E00C5C516 /* Debug */ = {
			isa = XCBuildConfiguration;
			buildSettings = {
				ASSETCATALOG_COMPILER_APPICON_NAME = AppIcon;
				CODE_SIGN_STYLE = Automatic;
				DEVELOPMENT_TEAM = 2BULHRS882;
				INFOPLIST_FILE = "MAPD2017-F2017-Lesson1B/Info.plist";
				LD_RUNPATH_SEARCH_PATHS = "$(inherited) @executable_path/Frameworks";
				PRODUCT_BUNDLE_IDENTIFIER = "centennial-college.MAPD2017-F2017-Lesson1B";
				PRODUCT_NAME = "$(TARGET_NAME)";
				SWIFT_VERSION = 4.0;
				TARGETED_DEVICE_FAMILY = "1,2";
			};
			name = Debug;
		};
		5C6EA0B91FE2197E00C5C516 /* Release */ = {
			isa = XCBuildConfiguration;
			buildSettings = {
				ASSETCATALOG_COMPILER_APPICON_NAME = AppIcon;
				CODE_SIGN_STYLE = Automatic;
				DEVELOPMENT_TEAM = 2BULHRS882;
				INFOPLIST_FILE = "MAPD2017-F2017-Lesson1B/Info.plist";
				LD_RUNPATH_SEARCH_PATHS = "$(inherited) @executable_path/Frameworks";
				PRODUCT_BUNDLE_IDENTIFIER = "centennial-college.MAPD2017-F2017-Lesson1B";
				PRODUCT_NAME = "$(TARGET_NAME)";
				SWIFT_VERSION = 4.0;
				TARGETED_DEVICE_FAMILY = "1,2";
			};
			name = Release;
		};
/* End XCBuildConfiguration section */

/* Begin XCConfigurationList section */
		5C6EA0A01FE2197E00C5C516 /* Build configuration list for PBXProject "MAPD2017-F2017-Lesson1B" */ = {
			isa = XCConfigurationList;
			buildConfigurations = (
				5C6EA0B51FE2197E00C5C516 /* Debug */,
				5C6EA0B61FE2197E00C5C516 /* Release */,
			);
			defaultConfigurationIsVisible = 0;
			defaultConfigurationName = Release;
		};
		5C6EA0B71FE2197E00C5C516 /* Build configuration list for PBXNativeTarget "MAPD2017-F2017-Lesson1B" */ = {
			isa = XCConfigurationList;
			buildConfigurations = (
				5C6EA0B81FE2197E00C5C516 /* Debug */,
				5C6EA0B91FE2197E00C5C516 /* Release */,
			);
			defaultConfigurationIsVisible = 0;
			defaultConfigurationName = Release;
		};
/* End XCConfigurationList section */
	};
	rootObject = 5C6EA09D1FE2197E00C5C516 /* Project object */;
}
